
Microsoft Visual Studio Solution File, Format Version 12.00
# Visual Studio Version 17
VisualStudioVersion = 17.2.32630.192
MinimumVisualStudioVersion = 10.0.40219.1
Project("{FAE04EC0-301F-11D3-BF4B-00C04F79EFBC}") = "Acceptor_FIX", "Acceptor_FIX.csproj", "{29538C97-45AC-483B-8305-041DE8D9DB7C}"
EndProject
Global
	GlobalSection(SolutionConfigurationPlatforms) = preSolution
		Debug|Any CPU = Debug|Any CPU
		Release|Any CPU = Release|Any CPU
	EndGlobalSection
	GlobalSection(ProjectConfigurationPlatforms) = postSolution
		{29538C97-45AC-483B-8305-041DE8D9DB7C}.Debug|Any CPU.ActiveCfg = Debug|Any CPU
		{29538C97-45AC-483B-8305-041DE8D9DB7C}.Debug|Any CPU.Build.0 = Debug|Any CPU
		{29538C97-45AC-483B-8305-041DE8D9DB7C}.Release|Any CPU.ActiveCfg = Release|Any CPU
		{29538C97-45AC-483B-8305-041DE8D9DB7C}.Release|Any CPU.Build.0 = Release|Any CPU
	EndGlobalSection
	GlobalSection(SolutionProperties) = preSolution
		HideSolutionNode = FALSE
	EndGlobalSection
	GlobalSection(ExtensibilityGlobals) = postSolution
		SolutionGuid = {10405EEB-14DD-4640-A98C-14F0DE960D65}
	EndGlobalSection
EndGlobal
